
Microsoft Visual Studio Solution File, Format Version 12.00
# Visual Studio 15
VisualStudioVersion = 15.0.28010.2003
MinimumVisualStudioVersion = 10.0.40219.1
Project("{9A19103F-16F7-4668-BE54-9A1E7A4F7556}") = "GitSteamedDatabase", "ConsoleApp1\GitSteamedDatabase.csproj", "{F55204EE-A14A-4CB2-8752-373C755917EE}"
EndProject
Global
	GlobalSection(SolutionConfigurationPlatforms) = preSolution
		Debug|Any CPU = Debug|Any CPU
		Release|Any CPU = Release|Any CPU
	EndGlobalSection
	GlobalSection(ProjectConfigurationPlatforms) = postSolution
		{F55204EE-A14A-4CB2-8752-373C755917EE}.Debug|Any CPU.ActiveCfg = Debug|Any CPU
		{F55204EE-A14A-4CB2-8752-373C755917EE}.Debug|Any CPU.Build.0 = Debug|Any CPU
		{F55204EE-A14A-4CB2-8752-373C755917EE}.Release|Any CPU.ActiveCfg = Release|Any CPU
		{F55204EE-A14A-4CB2-8752-373C755917EE}.Release|Any CPU.Build.0 = Release|Any CPU
	EndGlobalSection
	GlobalSection(SolutionProperties) = preSolution
		HideSolutionNode = FALSE
	EndGlobalSection
	GlobalSection(ExtensibilityGlobals) = postSolution
		SolutionGuid = {8ABFEBB9-72F4-4B1D-80B9-69E5F2DFEE86}
	EndGlobalSection
EndGlobal
